
Microsoft Visual Studio Solution File, Format Version 12.00
# Visual Studio 15
VisualStudioVersion = 15.0.28307.329
MinimumVisualStudioVersion = 10.0.40219.1
Project("{FAE04EC0-301F-11D3-BF4B-00C04F79EFBC}") = "paveldejimas", "paveldejimas\paveldejimas.csproj", "{D1CABCFC-3907-4630-9FAB-8F9EEDE8833A}"
EndProject
Global
	GlobalSection(SolutionConfigurationPlatforms) = preSolution
		Debug|Any CPU = Debug|Any CPU
		Release|Any CPU = Release|Any CPU
	EndGlobalSection
	GlobalSection(ProjectConfigurationPlatforms) = postSolution
		{D1CABCFC-3907-4630-9FAB-8F9EEDE8833A}.Debug|Any CPU.ActiveCfg = Debug|Any CPU
		{D1CABCFC-3907-4630-9FAB-8F9EEDE8833A}.Debug|Any CPU.Build.0 = Debug|Any CPU
		{D1CABCFC-3907-4630-9FAB-8F9EEDE8833A}.Release|Any CPU.ActiveCfg = Release|Any CPU
		{D1CABCFC-3907-4630-9FAB-8F9EEDE8833A}.Release|Any CPU.Build.0 = Release|Any CPU
	EndGlobalSection
	GlobalSection(SolutionProperties) = preSolution
		HideSolutionNode = FALSE
	EndGlobalSection
	GlobalSection(ExtensibilityGlobals) = postSolution
		SolutionGuid = {301C5C34-8A63-416C-969F-75A2BDD0820B}
	EndGlobalSection
EndGlobal
